// !$*UTF8*$!
{
	archiveVersion = 1;
	classes = {
	};
	objectVersion = 56;
	objects = {

/* Begin PBXBuildFile section */
		A047E85E2ABF29B4007708CA /* ExpenseTrackerApp.swift in Sources */ = {isa = PBXBuildFile; fileRef = A047E85D2ABF29B4007708CA /* ExpenseTrackerApp.swift */; };
		A047E8602ABF29B4007708CA /* ContentView.swift in Sources */ = {isa = PBXBuildFile; fileRef = A047E85F2ABF29B4007708CA /* ContentView.swift */; };
		A047E8622ABF29B5007708CA /* Assets.xcassets in Resources */ = {isa = PBXBuildFile; fileRef = A047E8612ABF29B5007708CA /* Assets.xcassets */; };
		A047E8652ABF29B5007708CA /* Preview Assets.xcassets in Resources */ = {isa = PBXBuildFile; fileRef = A047E8642ABF29B5007708CA /* Preview Assets.xcassets */; };
		A047E86F2ABF2B6F007708CA /* HomeView.swift in Sources */ = {isa = PBXBuildFile; fileRef = A047E86E2ABF2B6F007708CA /* HomeView.swift */; };
		A047E8712ABF2BD1007708CA /* ExpenseModel.swift in Sources */ = {isa = PBXBuildFile; fileRef = A047E8702ABF2BD1007708CA /* ExpenseModel.swift */; };
		A047E8732ABF2D68007708CA /* ExpenseViewModel.swift in Sources */ = {isa = PBXBuildFile; fileRef = A047E8722ABF2D68007708CA /* ExpenseViewModel.swift */; };
		A047E8752ABF3AB3007708CA /* TransactionCardView.swift in Sources */ = {isa = PBXBuildFile; fileRef = A047E8742ABF3AB3007708CA /* TransactionCardView.swift */; };
		A047E8772ABF3E00007708CA /* FilteredDetailView.swift in Sources */ = {isa = PBXBuildFile; fileRef = A047E8762ABF3E00007708CA /* FilteredDetailView.swift */; };
		A047E87A2ABF8409007708CA /* ExpenseCardView.swift in Sources */ = {isa = PBXBuildFile; fileRef = A047E8792ABF8409007708CA /* ExpenseCardView.swift */; };
		A047E87C2AC02586007708CA /* NewExpenseView.swift in Sources */ = {isa = PBXBuildFile; fileRef = A047E87B2AC02586007708CA /* NewExpenseView.swift */; };
/* End PBXBuildFile section */

/* Begin PBXFileReference section */
		A047E85A2ABF29B4007708CA /* ExpenseTracker.app */ = {isa = PBXFileReference; explicitFileType = wrapper.application; includeInIndex = 0; path = ExpenseTracker.app; sourceTree = BUILT_PRODUCTS_DIR; };
		A047E85D2ABF29B4007708CA /* ExpenseTrackerApp.swift */ = {isa = PBXFileReference; lastKnownFileType = sourcecode.swift; path = ExpenseTrackerApp.swift; sourceTree = "<group>"; };
		A047E85F2ABF29B4007708CA /* ContentView.swift */ = {isa = PBXFileReference; lastKnownFileType = sourcecode.swift; path = ContentView.swift; sourceTree = "<group>"; };
		A047E8612ABF29B5007708CA /* Assets.xcassets */ = {isa = PBXFileReference; lastKnownFileType = folder.assetcatalog; path = Assets.xcassets; sourceTree = "<group>"; };
		A047E8642ABF29B5007708CA /* Preview Assets.xcassets */ = {isa = PBXFileReference; lastKnownFileType = folder.assetcatalog; path = "Preview Assets.xcassets"; sourceTree = "<group>"; };
		A047E86E2ABF2B6F007708CA /* HomeView.swift */ = {isa = PBXFileReference; lastKnownFileType = sourcecode.swift; path = HomeView.swift; sourceTree = "<group>"; };
		A047E8702ABF2BD1007708CA /* ExpenseModel.swift */ = {isa = PBXFileReference; lastKnownFileType = sourcecode.swift; path = ExpenseModel.swift; sourceTree = "<group>"; };
		A047E8722ABF2D68007708CA /* ExpenseViewModel.swift */ = {isa = PBXFileReference; lastKnownFileType = sourcecode.swift; path = ExpenseViewModel.swift; sourceTree = "<group>"; };
		A047E8742ABF3AB3007708CA /* TransactionCardView.swift */ = {isa = PBXFileReference; lastKnownFileType = sourcecode.swift; path = TransactionCardView.swift; sourceTree = "<group>"; };
		A047E8762ABF3E00007708CA /* FilteredDetailView.swift */ = {isa = PBXFileReference; lastKnownFileType = sourcecode.swift; path = FilteredDetailView.swift; sourceTree = "<group>"; };
		A047E8792ABF8409007708CA /* ExpenseCardView.swift */ = {isa = PBXFileReference; lastKnownFileType = sourcecode.swift; path = ExpenseCardView.swift; sourceTree = "<group>"; };
		A047E87B2AC02586007708CA /* NewExpenseView.swift */ = {isa = PBXFileReference; lastKnownFileType = sourcecode.swift; path = NewExpenseView.swift; sourceTree = "<group>"; };
/* End PBXFileReference section */

/* Begin PBXFrameworksBuildPhase section */
		A047E8572ABF29B4007708CA /* Frameworks */ = {
			isa = PBXFrameworksBuildPhase;
			buildActionMask = 2147483647;
			files = (
			);
			runOnlyForDeploymentPostprocessing = 0;
		};
/* End PBXFrameworksBuildPhase section */

/* Begin PBXGroup section */
		A047E8512ABF29B4007708CA = {
			isa = PBXGroup;
			children = (
				A047E85C2ABF29B4007708CA /* ExpenseTracker */,
				A047E85B2ABF29B4007708CA /* Products */,
			);
			sourceTree = "<group>";
		};
		A047E85B2ABF29B4007708CA /* Products */ = {
			isa = PBXGroup;
			children = (
				A047E85A2ABF29B4007708CA /* ExpenseTracker.app */,
			);
			name = Products;
			sourceTree = "<group>";
		};
		A047E85C2ABF29B4007708CA /* ExpenseTracker */ = {
			isa = PBXGroup;
			children = (
				A047E86D2ABF2B55007708CA /* ViewModel */,
				A047E86C2ABF2B4F007708CA /* Model */,
				A047E86B2ABF2B48007708CA /* View */,
				A047E85D2ABF29B4007708CA /* ExpenseTrackerApp.swift */,
				A047E85F2ABF29B4007708CA /* ContentView.swift */,
				A047E8612ABF29B5007708CA /* Assets.xcassets */,
				A047E8632ABF29B5007708CA /* Preview Content */,
			);
			path = ExpenseTracker;
			sourceTree = "<group>";
		};
		A047E8632ABF29B5007708CA /* Preview Content */ = {
			isa = PBXGroup;
			children = (
				A047E8642ABF29B5007708CA /* Preview Assets.xcassets */,
			);
			path = "Preview Content";
			sourceTree = "<group>";
		};
		A047E86B2ABF2B48007708CA /* View */ = {
			isa = PBXGroup;
			children = (
				A047E86E2ABF2B6F007708CA /* HomeView.swift */,
				A047E8742ABF3AB3007708CA /* TransactionCardView.swift */,
				A047E8762ABF3E00007708CA /* FilteredDetailView.swift */,
				A047E8792ABF8409007708CA /* ExpenseCardView.swift */,
				A047E87B2AC02586007708CA /* NewExpenseView.swift */,
			);
			path = View;
			sourceTree = "<group>";
		};
		A047E86C2ABF2B4F007708CA /* Model */ = {
			isa = PBXGroup;
			children = (
				A047E8702ABF2BD1007708CA /* ExpenseModel.swift */,
			);
			path = Model;
			sourceTree = "<group>";
		};
		A047E86D2ABF2B55007708CA /* ViewModel */ = {
			isa = PBXGroup;
			children = (
				A047E8722ABF2D68007708CA /* ExpenseViewModel.swift */,
			);
			path = ViewModel;
			sourceTree = "<group>";
		};
/* End PBXGroup section */

/* Begin PBXNativeTarget section */
		A047E8592ABF29B4007708CA /* ExpenseTracker */ = {
			isa = PBXNativeTarget;
			buildConfigurationList = A047E8682ABF29B5007708CA /* Build configuration list for PBXNativeTarget "ExpenseTracker" */;
			buildPhases = (
				A047E8562ABF29B4007708CA /* Sources */,
				A047E8572ABF29B4007708CA /* Frameworks */,
				A047E8582ABF29B4007708CA /* Resources */,
			);
			buildRules = (
			);
			dependencies = (
			);
			name = ExpenseTracker;
			productName = ExpenseTracker;
			productReference = A047E85A2ABF29B4007708CA /* ExpenseTracker.app */;
			productType = "com.apple.product-type.application";
		};
/* End PBXNativeTarget section */

/* Begin PBXProject section */
		A047E8522ABF29B4007708CA /* Project object */ = {
			isa = PBXProject;
			attributes = {
				BuildIndependentTargetsInParallel = 1;
				LastSwiftUpdateCheck = 1500;
				LastUpgradeCheck = 1500;
				TargetAttributes = {
					A047E8592ABF29B4007708CA = {
						CreatedOnToolsVersion = 15.0;
					};
				};
			};
			buildConfigurationList = A047E8552ABF29B4007708CA /* Build configuration list for PBXProject "ExpenseTracker" */;
			compatibilityVersion = "Xcode 14.0";
			developmentRegion = en;
			hasScannedForEncodings = 0;
			knownRegions = (
				en,
				Base,
			);
			mainGroup = A047E8512ABF29B4007708CA;
			productRefGroup = A047E85B2ABF29B4007708CA /* Products */;
			projectDirPath = "";
			projectRoot = "";
			targets = (
				A047E8592ABF29B4007708CA /* ExpenseTracker */,
			);
		};
/* End PBXProject section */

/* Begin PBXResourcesBuildPhase section */
		A047E8582ABF29B4007708CA /* Resources */ = {
			isa = PBXResourcesBuildPhase;
			buildActionMask = 2147483647;
			files = (
				A047E8652ABF29B5007708CA /* Preview Assets.xcassets in Resources */,
				A047E8622ABF29B5007708CA /* Assets.xcassets in Resources */,
			);
			runOnlyForDeploymentPostprocessing = 0;
		};
/* End PBXResourcesBuildPhase section */

/* Begin PBXSourcesBuildPhase section */
		A047E8562ABF29B4007708CA /* Sources */ = {
			isa = PBXSourcesBuildPhase;
			buildActionMask = 2147483647;
			files = (
				A047E86F2ABF2B6F007708CA /* HomeView.swift in Sources */,
				A047E8772ABF3E00007708CA /* FilteredDetailView.swift in Sources */,
				A047E8602ABF29B4007708CA /* ContentView.swift in Sources */,
				A047E8712ABF2BD1007708CA /* ExpenseModel.swift in Sources */,
				A047E8732ABF2D68007708CA /* ExpenseViewModel.swift in Sources */,
				A047E85E2ABF29B4007708CA /* ExpenseTrackerApp.swift in Sources */,
				A047E87A2ABF8409007708CA /* ExpenseCardView.swift in Sources */,
				A047E8752ABF3AB3007708CA /* TransactionCardView.swift in Sources */,
				A047E87C2AC02586007708CA /* NewExpenseView.swift in Sources */,
			);
			runOnlyForDeploymentPostprocessing = 0;
		};
/* End PBXSourcesBuildPhase section */

/* Begin XCBuildConfiguration section */
		A047E8662ABF29B5007708CA /* Debug */ = {
			isa = XCBuildConfiguration;
			buildSettings = {
				ALWAYS_SEARCH_USER_PATHS = NO;
				ASSETCATALOG_COMPILER_GENERATE_SWIFT_ASSET_SYMBOL_EXTENSIONS = YES;
				CLANG_ANALYZER_NONNULL = YES;
				CLANG_ANALYZER_NUMBER_OBJECT_CONVERSION = YES_AGGRESSIVE;
				CLANG_CXX_LANGUAGE_STANDARD = "gnu++20";
				CLANG_ENABLE_MODULES = YES;
				CLANG_ENABLE_OBJC_ARC = YES;
				CLANG_ENABLE_OBJC_WEAK = YES;
				CLANG_WARN_BLOCK_CAPTURE_AUTORELEASING = YES;
				CLANG_WARN_BOOL_CONVERSION = YES;
				CLANG_WARN_COMMA = YES;
				CLANG_WARN_CONSTANT_CONVERSION = YES;
				CLANG_WARN_DEPRECATED_OBJC_IMPLEMENTATIONS = YES;
				CLANG_WARN_DIRECT_OBJC_ISA_USAGE = YES_ERROR;
				CLANG_WARN_DOCUMENTATION_COMMENTS = YES;
				CLANG_WARN_EMPTY_BODY = YES;
				CLANG_WARN_ENUM_CONVERSION = YES;
				CLANG_WARN_INFINITE_RECURSION = YES;
				CLANG_WARN_INT_CONVERSION = YES;
				CLANG_WARN_NON_LITERAL_NULL_CONVERSION = YES;
				CLANG_WARN_OBJC_IMPLICIT_RETAIN_SELF = YES;
				CLANG_WARN_OBJC_LITERAL_CONVERSION = YES;
				CLANG_WARN_OBJC_ROOT_CLASS = YES_ERROR;
				CLANG_WARN_QUOTED_INCLUDE_IN_FRAMEWORK_HEADER = YES;
				CLANG_WARN_RANGE_LOOP_ANALYSIS = YES;
				CLANG_WARN_STRICT_PROTOTYPES = YES;
				CLANG_WARN_SUSPICIOUS_MOVE = YES;
				CLANG_WARN_UNGUARDED_AVAILABILITY = YES_AGGRESSIVE;
				CLANG_WARN_UNREACHABLE_CODE = YES;
				CLANG_WARN__DUPLICATE_METHOD_MATCH = YES;
				COPY_PHASE_STRIP = NO;
				DEBUG_INFORMATION_FORMAT = dwarf;
				ENABLE_STRICT_OBJC_MSGSEND = YES;
				ENABLE_TESTABILITY = YES;
				ENABLE_USER_SCRIPT_SANDBOXING = YES;
				GCC_C_LANGUAGE_STANDARD = gnu17;
				GCC_DYNAMIC_NO_PIC = NO;
				GCC_NO_COMMON_BLOCKS = YES;
				GCC_OPTIMIZATION_LEVEL = 0;
				GCC_PREPROCESSOR_DEFINITIONS = (
					"DEBUG=1",
					"$(inherited)",
				);
				GCC_WARN_64_TO_32_BIT_CONVERSION = YES;
				GCC_WARN_ABOUT_RETURN_TYPE = YES_ERROR;
				GCC_WARN_UNDECLARED_SELECTOR = YES;
				GCC_WARN_UNINITIALIZED_AUTOS = YES_AGGRESSIVE;
				GCC_WARN_UNUSED_FUNCTION = YES;
				GCC_WARN_UNUSED_VARIABLE = YES;
				IPHONEOS_DEPLOYMENT_TARGET = 17.0;
				LOCALIZATION_PREFERS_STRING_CATALOGS = YES;
				MTL_ENABLE_DEBUG_INFO = INCLUDE_SOURCE;
				MTL_FAST_MATH = YES;
				ONLY_ACTIVE_ARCH = YES;
				SDKROOT = iphoneos;
				SWIFT_ACTIVE_COMPILATION_CONDITIONS = "DEBUG $(inherited)";
				SWIFT_OPTIMIZATION_LEVEL = "-Onone";
			};
			name = Debug;
		};
		A047E8672ABF29B5007708CA /* Release */ = {
			isa = XCBuildConfiguration;
			buildSettings = {
				ALWAYS_SEARCH_USER_PATHS = NO;
				ASSETCATALOG_COMPILER_GENERATE_SWIFT_ASSET_SYMBOL_EXTENSIONS = YES;
				CLANG_ANALYZER_NONNULL = YES;
				CLANG_ANALYZER_NUMBER_OBJECT_CONVERSION = YES_AGGRESSIVE;
				CLANG_CXX_LANGUAGE_STANDARD = "gnu++20";
				CLANG_ENABLE_MODULES = YES;
				CLANG_ENABLE_OBJC_ARC = YES;
				CLANG_ENABLE_OBJC_WEAK = YES;
				CLANG_WARN_BLOCK_CAPTURE_AUTORELEASING = YES;
				CLANG_WARN_BOOL_CONVERSION = YES;
				CLANG_WARN_COMMA = YES;
				CLANG_WARN_CONSTANT_CONVERSION = YES;
				CLANG_WARN_DEPRECATED_OBJC_IMPLEMENTATIONS = YES;
				CLANG_WARN_DIRECT_OBJC_ISA_USAGE = YES_ERROR;
				CLANG_WARN_DOCUMENTATION_COMMENTS = YES;
				CLANG_WARN_EMPTY_BODY = YES;
				CLANG_WARN_ENUM_CONVERSION = YES;
				CLANG_WARN_INFINITE_RECURSION = YES;
				CLANG_WARN_INT_CONVERSION = YES;
				CLANG_WARN_NON_LITERAL_NULL_CONVERSION = YES;
				CLANG_WARN_OBJC_IMPLICIT_RETAIN_SELF = YES;
				CLANG_WARN_OBJC_LITERAL_CONVERSION = YES;
				CLANG_WARN_OBJC_ROOT_CLASS = YES_ERROR;
				CLANG_WARN_QUOTED_INCLUDE_IN_FRAMEWORK_HEADER = YES;
				CLANG_WARN_RANGE_LOOP_ANALYSIS = YES;
				CLANG_WARN_STRICT_PROTOTYPES = YES;
				CLANG_WARN_SUSPICIOUS_MOVE = YES;
				CLANG_WARN_UNGUARDED_AVAILABILITY = YES_AGGRESSIVE;
				CLANG_WARN_UNREACHABLE_CODE = YES;
				CLANG_WARN__DUPLICATE_METHOD_MATCH = YES;
				COPY_PHASE_STRIP = NO;
				DEBUG_INFORMATION_FORMAT = "dwarf-with-dsym";
				ENABLE_NS_ASSERTIONS = NO;
				ENABLE_STRICT_OBJC_MSGSEND = YES;
				ENABLE_USER_SCRIPT_SANDBOXING = YES;
				GCC_C_LANGUAGE_STANDARD = gnu17;
				GCC_NO_COMMON_BLOCKS = YES;
				GCC_WARN_64_TO_32_BIT_CONVERSION = YES;
				GCC_WARN_ABOUT_RETURN_TYPE = YES_ERROR;
				GCC_WARN_UNDECLARED_SELECTOR = YES;
				GCC_WARN_UNINITIALIZED_AUTOS = YES_AGGRESSIVE;
				GCC_WARN_UNUSED_FUNCTION = YES;
				GCC_WARN_UNUSED_VARIABLE = YES;
				IPHONEOS_DEPLOYMENT_TARGET = 17.0;
				LOCALIZATION_PREFERS_STRING_CATALOGS = YES;
				MTL_ENABLE_DEBUG_INFO = NO;
				MTL_FAST_MATH = YES;
				SDKROOT = iphoneos;
				SWIFT_COMPILATION_MODE = wholemodule;
				VALIDATE_PRODUCT = YES;
			};
			name = Release;
		};
		A047E8692ABF29B5007708CA /* Debug */ = {
			isa = XCBuildConfiguration;
			buildSettings = {
				ASSETCATALOG_COMPILER_APPICON_NAME = AppIcon;
				ASSETCATALOG_COMPILER_GLOBAL_ACCENT_COLOR_NAME = AccentColor;
				CODE_SIGN_STYLE = Automatic;
				CURRENT_PROJECT_VERSION = 1;
				DEVELOPMENT_ASSET_PATHS = "\"ExpenseTracker/Preview Content\"";
				DEVELOPMENT_TEAM = J2TT6HQZJW;
				ENABLE_PREVIEWS = YES;
				GENERATE_INFOPLIST_FILE = YES;
				INFOPLIST_KEY_UIApplicationSceneManifest_Generation = YES;
				INFOPLIST_KEY_UIApplicationSupportsIndirectInputEvents = YES;
				INFOPLIST_KEY_UILaunchScreen_Generation = YES;
				INFOPLIST_KEY_UISupportedInterfaceOrientations_iPad = "UIInterfaceOrientationPortrait UIInterfaceOrientationPortraitUpsideDown UIInterfaceOrientationLandscapeLeft UIInterfaceOrientationLandscapeRight";
				INFOPLIST_KEY_UISupportedInterfaceOrientations_iPhone = "UIInterfaceOrientationPortrait UIInterfaceOrientationLandscapeLeft UIInterfaceOrientationLandscapeRight";
				LD_RUNPATH_SEARCH_PATHS = (
					"$(inherited)",
					"@executable_path/Frameworks",
				);
				MARKETING_VERSION = 1.0;
				PRODUCT_BUNDLE_IDENTIFIER = com.ExpenseTracker;
				PRODUCT_NAME = "$(TARGET_NAME)";
				SWIFT_EMIT_LOC_STRINGS = YES;
				SWIFT_VERSION = 5.0;
				TARGETED_DEVICE_FAMILY = "1,2";
			};
			name = Debug;
		};
		A047E86A2ABF29B5007708CA /* Release */ = {
			isa = XCBuildConfiguration;
			buildSettings = {
				ASSETCATALOG_COMPILER_APPICON_NAME = AppIcon;
				ASSETCATALOG_COMPILER_GLOBAL_ACCENT_COLOR_NAME = AccentColor;
				CODE_SIGN_STYLE = Automatic;
				CURRENT_PROJECT_VERSION = 1;
				DEVELOPMENT_ASSET_PATHS = "\"ExpenseTracker/Preview Content\"";
				DEVELOPMENT_TEAM = J2TT6HQZJW;
				ENABLE_PREVIEWS = YES;
				GENERATE_INFOPLIST_FILE = YES;
				INFOPLIST_KEY_UIApplicationSceneManifest_Generation = YES;
				INFOPLIST_KEY_UIApplicationSupportsIndirectInputEvents = YES;
				INFOPLIST_KEY_UILaunchScreen_Generation = YES;
				INFOPLIST_KEY_UISupportedInterfaceOrientations_iPad = "UIInterfaceOrientationPortrait UIInterfaceOrientationPortraitUpsideDown UIInterfaceOrientationLandscapeLeft UIInterfaceOrientationLandscapeRight";
				INFOPLIST_KEY_UISupportedInterfaceOrientations_iPhone = "UIInterfaceOrientationPortrait UIInterfaceOrientationLandscapeLeft UIInterfaceOrientationLandscapeRight";
				LD_RUNPATH_SEARCH_PATHS = (
					"$(inherited)",
					"@executable_path/Frameworks",
				);
				MARKETING_VERSION = 1.0;
				PRODUCT_BUNDLE_IDENTIFIER = com.ExpenseTracker;
				PRODUCT_NAME = "$(TARGET_NAME)";
				SWIFT_EMIT_LOC_STRINGS = YES;
				SWIFT_VERSION = 5.0;
				TARGETED_DEVICE_FAMILY = "1,2";
			};
			name = Release;
		};
/* End XCBuildConfiguration section */

/* Begin XCConfigurationList section */
		A047E8552ABF29B4007708CA /* Build configuration list for PBXProject "ExpenseTracker" */ = {
			isa = XCConfigurationList;
			buildConfigurations = (
				A047E8662ABF29B5007708CA /* Debug */,
				A047E8672ABF29B5007708CA /* Release */,
			);
			defaultConfigurationIsVisible = 0;
			defaultConfigurationName = Release;
		};
		A047E8682ABF29B5007708CA /* Build configuration list for PBXNativeTarget "ExpenseTracker" */ = {
			isa = XCConfigurationList;
			buildConfigurations = (
				A047E8692ABF29B5007708CA /* Debug */,
				A047E86A2ABF29B5007708CA /* Release */,
			);
			defaultConfigurationIsVisible = 0;
			defaultConfigurationName = Release;
		};
/* End XCConfigurationList section */
	};
	rootObject = A047E8522ABF29B4007708CA /* Project object */;
}
